// !$*UTF8*$!
{
	archiveVersion = 1;
	classes = {
	};
	objectVersion = 56;
	objects = {

/* Begin PBXBuildFile section */
		BF99E4922BD687BA002B853E /* AppDelegate.swift in Sources */ = {isa = PBXBuildFile; fileRef = BF99E4912BD687BA002B853E /* AppDelegate.swift */; };
		BF99E4942BD687BA002B853E /* SceneDelegate.swift in Sources */ = {isa = PBXBuildFile; fileRef = BF99E4932BD687BA002B853E /* SceneDelegate.swift */; };
		BF99E4962BD687BA002B853E /* ViewController.swift in Sources */ = {isa = PBXBuildFile; fileRef = BF99E4952BD687BA002B853E /* ViewController.swift */; };
		BF99E4992BD687BA002B853E /* Base in Resources */ = {isa = PBXBuildFile; fileRef = BF99E4982BD687BA002B853E /* Base */; };
		BF99E49B2BD687BB002B853E /* Assets.xcassets in Resources */ = {isa = PBXBuildFile; fileRef = BF99E49A2BD687BB002B853E /* Assets.xcassets */; };
		BF99E49E2BD687BB002B853E /* Base in Resources */ = {isa = PBXBuildFile; fileRef = BF99E49D2BD687BB002B853E /* Base */; };
		BF99E4A92BD687BB002B853E /* CounterTests.swift in Sources */ = {isa = PBXBuildFile; fileRef = BF99E4A82BD687BB002B853E /* CounterTests.swift */; };
		BF99E4B32BD687BB002B853E /* CounterUITests.swift in Sources */ = {isa = PBXBuildFile; fileRef = BF99E4B22BD687BB002B853E /* CounterUITests.swift */; };
		BF99E4B52BD687BB002B853E /* CounterUITestsLaunchTests.swift in Sources */ = {isa = PBXBuildFile; fileRef = BF99E4B42BD687BB002B853E /* CounterUITestsLaunchTests.swift */; };
/* End PBXBuildFile section */

/* Begin PBXContainerItemProxy section */
		BF99E4A52BD687BB002B853E /* PBXContainerItemProxy */ = {
			isa = PBXContainerItemProxy;
			containerPortal = BF99E4862BD687BA002B853E /* Project object */;
			proxyType = 1;
			remoteGlobalIDString = BF99E48D2BD687BA002B853E;
			remoteInfo = Counter;
		};
		BF99E4AF2BD687BB002B853E /* PBXContainerItemProxy */ = {
			isa = PBXContainerItemProxy;
			containerPortal = BF99E4862BD687BA002B853E /* Project object */;
			proxyType = 1;
			remoteGlobalIDString = BF99E48D2BD687BA002B853E;
			remoteInfo = Counter;
		};
/* End PBXContainerItemProxy section */

/* Begin PBXFileReference section */
		BF99E48E2BD687BA002B853E /* Counter.app */ = {isa = PBXFileReference; explicitFileType = wrapper.application; includeInIndex = 0; path = Counter.app; sourceTree = BUILT_PRODUCTS_DIR; };
		BF99E4912BD687BA002B853E /* AppDelegate.swift */ = {isa = PBXFileReference; lastKnownFileType = sourcecode.swift; path = AppDelegate.swift; sourceTree = "<group>"; };
		BF99E4932BD687BA002B853E /* SceneDelegate.swift */ = {isa = PBXFileReference; lastKnownFileType = sourcecode.swift; path = SceneDelegate.swift; sourceTree = "<group>"; };
		BF99E4952BD687BA002B853E /* ViewController.swift */ = {isa = PBXFileReference; lastKnownFileType = sourcecode.swift; path = ViewController.swift; sourceTree = "<group>"; };
		BF99E4982BD687BA002B853E /* Base */ = {isa = PBXFileReference; lastKnownFileType = file.storyboard; name = Base; path = Base.lproj/Main.storyboard; sourceTree = "<group>"; };
		BF99E49A2BD687BB002B853E /* Assets.xcassets */ = {isa = PBXFileReference; lastKnownFileType = folder.assetcatalog; path = Assets.xcassets; sourceTree = "<group>"; };
		BF99E49D2BD687BB002B853E /* Base */ = {isa = PBXFileReference; lastKnownFileType = file.storyboard; name = Base; path = Base.lproj/LaunchScreen.storyboard; sourceTree = "<group>"; };
		BF99E49F2BD687BB002B853E /* Info.plist */ = {isa = PBXFileReference; lastKnownFileType = text.plist.xml; path = Info.plist; sourceTree = "<group>"; };
		BF99E4A42BD687BB002B853E /* CounterTests.xctest */ = {isa = PBXFileReference; explicitFileType = wrapper.cfbundle; includeInIndex = 0; path = CounterTests.xctest; sourceTree = BUILT_PRODUCTS_DIR; };
		BF99E4A82BD687BB002B853E /* CounterTests.swift */ = {isa = PBXFileReference; lastKnownFileType = sourcecode.swift; path = CounterTests.swift; sourceTree = "<group>"; };
		BF99E4AE2BD687BB002B853E /* CounterUITests.xctest */ = {isa = PBXFileReference; explicitFileType = wrapper.cfbundle; includeInIndex = 0; path = CounterUITests.xctest; sourceTree = BUILT_PRODUCTS_DIR; };
		BF99E4B22BD687BB002B853E /* CounterUITests.swift */ = {isa = PBXFileReference; lastKnownFileType = sourcecode.swift; path = CounterUITests.swift; sourceTree = "<group>"; };
		BF99E4B42BD687BB002B853E /* CounterUITestsLaunchTests.swift */ = {isa = PBXFileReference; lastKnownFileType = sourcecode.swift; path = CounterUITestsLaunchTests.swift; sourceTree = "<group>"; };
/* End PBXFileReference section */

/* Begin PBXFrameworksBuildPhase section */
		BF99E48B2BD687BA002B853E /* Frameworks */ = {
			isa = PBXFrameworksBuildPhase;
			buildActionMask = 2147483647;
			files = (
			);
			runOnlyForDeploymentPostprocessing = 0;
		};
		BF99E4A12BD687BB002B853E /* Frameworks */ = {
			isa = PBXFrameworksBuildPhase;
			buildActionMask = 2147483647;
			files = (
			);
			runOnlyForDeploymentPostprocessing = 0;
		};
		BF99E4AB2BD687BB002B853E /* Frameworks */ = {
			isa = PBXFrameworksBuildPhase;
			buildActionMask = 2147483647;
			files = (
			);
			runOnlyForDeploymentPostprocessing = 0;
		};
/* End PBXFrameworksBuildPhase section */

/* Begin PBXGroup section */
		BF99E4852BD687BA002B853E = {
			isa = PBXGroup;
			children = (
				BF99E4902BD687BA002B853E /* Counter */,
				BF99E4A72BD687BB002B853E /* CounterTests */,
				BF99E4B12BD687BB002B853E /* CounterUITests */,
				BF99E48F2BD687BA002B853E /* Products */,
			);
			sourceTree = "<group>";
		};
		BF99E48F2BD687BA002B853E /* Products */ = {
			isa = PBXGroup;
			children = (
				BF99E48E2BD687BA002B853E /* Counter.app */,
				BF99E4A42BD687BB002B853E /* CounterTests.xctest */,
				BF99E4AE2BD687BB002B853E /* CounterUITests.xctest */,
			);
			name = Products;
			sourceTree = "<group>";
		};
		BF99E4902BD687BA002B853E /* Counter */ = {
			isa = PBXGroup;
			children = (
				BF99E4912BD687BA002B853E /* AppDelegate.swift */,
				BF99E4932BD687BA002B853E /* SceneDelegate.swift */,
				BF99E4952BD687BA002B853E /* ViewController.swift */,
				BF99E4972BD687BA002B853E /* Main.storyboard */,
				BF99E49A2BD687BB002B853E /* Assets.xcassets */,
				BF99E49C2BD687BB002B853E /* LaunchScreen.storyboard */,
				BF99E49F2BD687BB002B853E /* Info.plist */,
			);
			path = Counter;
			sourceTree = "<group>";
		};
		BF99E4A72BD687BB002B853E /* CounterTests */ = {
			isa = PBXGroup;
			children = (
				BF99E4A82BD687BB002B853E /* CounterTests.swift */,
			);
			path = CounterTests;
			sourceTree = "<group>";
		};
		BF99E4B12BD687BB002B853E /* CounterUITests */ = {
			isa = PBXGroup;
			children = (
				BF99E4B22BD687BB002B853E /* CounterUITests.swift */,
				BF99E4B42BD687BB002B853E /* CounterUITestsLaunchTests.swift */,
			);
			path = CounterUITests;
			sourceTree = "<group>";
		};
/* End PBXGroup section */

/* Begin PBXNativeTarget section */
		BF99E48D2BD687BA002B853E /* Counter */ = {
			isa = PBXNativeTarget;
			buildConfigurationList = BF99E4B82BD687BB002B853E /* Build configuration list for PBXNativeTarget "Counter" */;
			buildPhases = (
				BF99E48A2BD687BA002B853E /* Sources */,
				BF99E48B2BD687BA002B853E /* Frameworks */,
				BF99E48C2BD687BA002B853E /* Resources */,
			);
			buildRules = (
			);
			dependencies = (
			);
			name = Counter;
			productName = Counter;
			productReference = BF99E48E2BD687BA002B853E /* Counter.app */;
			productType = "com.apple.product-type.application";
		};
		BF99E4A32BD687BB002B853E /* CounterTests */ = {
			isa = PBXNativeTarget;
			buildConfigurationList = BF99E4BB2BD687BB002B853E /* Build configuration list for PBXNativeTarget "CounterTests" */;
			buildPhases = (
				BF99E4A02BD687BB002B853E /* Sources */,
				BF99E4A12BD687BB002B853E /* Frameworks */,
				BF99E4A22BD687BB002B853E /* Resources */,
			);
			buildRules = (
			);
			dependencies = (
				BF99E4A62BD687BB002B853E /* PBXTargetDependency */,
			);
			name = CounterTests;
			productName = CounterTests;
			productReference = BF99E4A42BD687BB002B853E /* CounterTests.xctest */;
			productType = "com.apple.product-type.bundle.unit-test";
		};
		BF99E4AD2BD687BB002B853E /* CounterUITests */ = {
			isa = PBXNativeTarget;
			buildConfigurationList = BF99E4BE2BD687BB002B853E /* Build configuration list for PBXNativeTarget "CounterUITests" */;
			buildPhases = (
				BF99E4AA2BD687BB002B853E /* Sources */,
				BF99E4AB2BD687BB002B853E /* Frameworks */,
				BF99E4AC2BD687BB002B853E /* Resources */,
			);
			buildRules = (
			);
			dependencies = (
				BF99E4B02BD687BB002B853E /* PBXTargetDependency */,
			);
			name = CounterUITests;
			productName = CounterUITests;
			productReference = BF99E4AE2BD687BB002B853E /* CounterUITests.xctest */;
			productType = "com.apple.product-type.bundle.ui-testing";
		};
/* End PBXNativeTarget section */

/* Begin PBXProject section */
		BF99E4862BD687BA002B853E /* Project object */ = {
			isa = PBXProject;
			attributes = {
				BuildIndependentTargetsInParallel = 1;
				LastSwiftUpdateCheck = 1530;
				LastUpgradeCheck = 1530;
				TargetAttributes = {
					BF99E48D2BD687BA002B853E = {
						CreatedOnToolsVersion = 15.3;
					};
					BF99E4A32BD687BB002B853E = {
						CreatedOnToolsVersion = 15.3;
						TestTargetID = BF99E48D2BD687BA002B853E;
					};
					BF99E4AD2BD687BB002B853E = {
						CreatedOnToolsVersion = 15.3;
						TestTargetID = BF99E48D2BD687BA002B853E;
					};
				};
			};
			buildConfigurationList = BF99E4892BD687BA002B853E /* Build configuration list for PBXProject "Counter" */;
			compatibilityVersion = "Xcode 14.0";
			developmentRegion = en;
			hasScannedForEncodings = 0;
			knownRegions = (
				en,
				Base,
			);
			mainGroup = BF99E4852BD687BA002B853E;
			productRefGroup = BF99E48F2BD687BA002B853E /* Products */;
			projectDirPath = "";
			projectRoot = "";
			targets = (
				BF99E48D2BD687BA002B853E /* Counter */,
				BF99E4A32BD687BB002B853E /* CounterTests */,
				BF99E4AD2BD687BB002B853E /* CounterUITests */,
			);
		};
/* End PBXProject section */

/* Begin PBXResourcesBuildPhase section */
		BF99E48C2BD687BA002B853E /* Resources */ = {
			isa = PBXResourcesBuildPhase;
			buildActionMask = 2147483647;
			files = (
				BF99E49B2BD687BB002B853E /* Assets.xcassets in Resources */,
				BF99E49E2BD687BB002B853E /* Base in Resources */,
				BF99E4992BD687BA002B853E /* Base in Resources */,
			);
			runOnlyForDeploymentPostprocessing = 0;
		};
		BF99E4A22BD687BB002B853E /* Resources */ = {
			isa = PBXResourcesBuildPhase;
			buildActionMask = 2147483647;
			files = (
			);
			runOnlyForDeploymentPostprocessing = 0;
		};
		BF99E4AC2BD687BB002B853E /* Resources */ = {
			isa = PBXResourcesBuildPhase;
			buildActionMask = 2147483647;
			files = (
			);
			runOnlyForDeploymentPostprocessing = 0;
		};
/* End PBXResourcesBuildPhase section */

/* Begin PBXSourcesBuildPhase section */
		BF99E48A2BD687BA002B853E /* Sources */ = {
			isa = PBXSourcesBuildPhase;
			buildActionMask = 2147483647;
			files = (
				BF99E4962BD687BA002B853E /* ViewController.swift in Sources */,
				BF99E4922BD687BA002B853E /* AppDelegate.swift in Sources */,
				BF99E4942BD687BA002B853E /* SceneDelegate.swift in Sources */,
			);
			runOnlyForDeploymentPostprocessing = 0;
		};
		BF99E4A02BD687BB002B853E /* Sources */ = {
			isa = PBXSourcesBuildPhase;
			buildActionMask = 2147483647;
			files = (
				BF99E4A92BD687BB002B853E /* CounterTests.swift in Sources */,
			);
			runOnlyForDeploymentPostprocessing = 0;
		};
		BF99E4AA2BD687BB002B853E /* Sources */ = {
			isa = PBXSourcesBuildPhase;
			buildActionMask = 2147483647;
			files = (
				BF99E4B32BD687BB002B853E /* CounterUITests.swift in Sources */,
				BF99E4B52BD687BB002B853E /* CounterUITestsLaunchTests.swift in Sources */,
			);
			runOnlyForDeploymentPostprocessing = 0;
		};
/* End PBXSourcesBuildPhase section */

/* Begin PBXTargetDependency section */
		BF99E4A62BD687BB002B853E /* PBXTargetDependency */ = {
			isa = PBXTargetDependency;
			target = BF99E48D2BD687BA002B853E /* Counter */;
			targetProxy = BF99E4A52BD687BB002B853E /* PBXContainerItemProxy */;
		};
		BF99E4B02BD687BB002B853E /* PBXTargetDependency */ = {
			isa = PBXTargetDependency;
			target = BF99E48D2BD687BA002B853E /* Counter */;
			targetProxy = BF99E4AF2BD687BB002B853E /* PBXContainerItemProxy */;
		};
/* End PBXTargetDependency section */

/* Begin PBXVariantGroup section */
		BF99E4972BD687BA002B853E /* Main.storyboard */ = {
			isa = PBXVariantGroup;
			children = (
				BF99E4982BD687BA002B853E /* Base */,
			);
			name = Main.storyboard;
			sourceTree = "<group>";
		};
		BF99E49C2BD687BB002B853E /* LaunchScreen.storyboard */ = {
			isa = PBXVariantGroup;
			children = (
				BF99E49D2BD687BB002B853E /* Base */,
			);
			name = LaunchScreen.storyboard;
			sourceTree = "<group>";
		};
/* End PBXVariantGroup section */

/* Begin XCBuildConfiguration section */
		BF99E4B62BD687BB002B853E /* Debug */ = {
			isa = XCBuildConfiguration;
			buildSettings = {
				ALWAYS_SEARCH_USER_PATHS = NO;
				ASSETCATALOG_COMPILER_GENERATE_SWIFT_ASSET_SYMBOL_EXTENSIONS = YES;
				CLANG_ANALYZER_NONNULL = YES;
				CLANG_ANALYZER_NUMBER_OBJECT_CONVERSION = YES_AGGRESSIVE;
				CLANG_CXX_LANGUAGE_STANDARD = "gnu++20";
				CLANG_ENABLE_MODULES = YES;
				CLANG_ENABLE_OBJC_ARC = YES;
				CLANG_ENABLE_OBJC_WEAK = YES;
				CLANG_WARN_BLOCK_CAPTURE_AUTORELEASING = YES;
				CLANG_WARN_BOOL_CONVERSION = YES;
				CLANG_WARN_COMMA = YES;
				CLANG_WARN_CONSTANT_CONVERSION = YES;
				CLANG_WARN_DEPRECATED_OBJC_IMPLEMENTATIONS = YES;
				CLANG_WARN_DIRECT_OBJC_ISA_USAGE = YES_ERROR;
				CLANG_WARN_DOCUMENTATION_COMMENTS = YES;
				CLANG_WARN_EMPTY_BODY = YES;
				CLANG_WARN_ENUM_CONVERSION = YES;
				CLANG_WARN_INFINITE_RECURSION = YES;
				CLANG_WARN_INT_CONVERSION = YES;
				CLANG_WARN_NON_LITERAL_NULL_CONVERSION = YES;
				CLANG_WARN_OBJC_IMPLICIT_RETAIN_SELF = YES;
				CLANG_WARN_OBJC_LITERAL_CONVERSION = YES;
				CLANG_WARN_OBJC_ROOT_CLASS = YES_ERROR;
				CLANG_WARN_QUOTED_INCLUDE_IN_FRAMEWORK_HEADER = YES;
				CLANG_WARN_RANGE_LOOP_ANALYSIS = YES;
				CLANG_WARN_STRICT_PROTOTYPES = YES;
				CLANG_WARN_SUSPICIOUS_MOVE = YES;
				CLANG_WARN_UNGUARDED_AVAILABILITY = YES_AGGRESSIVE;
				CLANG_WARN_UNREACHABLE_CODE = YES;
				CLANG_WARN__DUPLICATE_METHOD_MATCH = YES;
				COPY_PHASE_STRIP = NO;
				DEBUG_INFORMATION_FORMAT = dwarf;
				ENABLE_STRICT_OBJC_MSGSEND = YES;
				ENABLE_TESTABILITY = YES;
				ENABLE_USER_SCRIPT_SANDBOXING = YES;
				GCC_C_LANGUAGE_STANDARD = gnu17;
				GCC_DYNAMIC_NO_PIC = NO;
				GCC_NO_COMMON_BLOCKS = YES;
				GCC_OPTIMIZATION_LEVEL = 0;
				GCC_PREPROCESSOR_DEFINITIONS = (
					"DEBUG=1",
					"$(inherited)",
				);
				GCC_WARN_64_TO_32_BIT_CONVERSION = YES;
				GCC_WARN_ABOUT_RETURN_TYPE = YES_ERROR;
				GCC_WARN_UNDECLARED_SELECTOR = YES;
				GCC_WARN_UNINITIALIZED_AUTOS = YES_AGGRESSIVE;
				GCC_WARN_UNUSED_FUNCTION = YES;
				GCC_WARN_UNUSED_VARIABLE = YES;
				IPHONEOS_DEPLOYMENT_TARGET = 17.4;
				LOCALIZATION_PREFERS_STRING_CATALOGS = YES;
				MTL_ENABLE_DEBUG_INFO = INCLUDE_SOURCE;
				MTL_FAST_MATH = YES;
				ONLY_ACTIVE_ARCH = YES;
				SDKROOT = iphoneos;
				SWIFT_ACTIVE_COMPILATION_CONDITIONS = "DEBUG $(inherited)";
				SWIFT_OPTIMIZATION_LEVEL = "-Onone";
			};
			name = Debug;
		};
		BF99E4B72BD687BB002B853E /* Release */ = {
			isa = XCBuildConfiguration;
			buildSettings = {
				ALWAYS_SEARCH_USER_PATHS = NO;
				ASSETCATALOG_COMPILER_GENERATE_SWIFT_ASSET_SYMBOL_EXTENSIONS = YES;
				CLANG_ANALYZER_NONNULL = YES;
				CLANG_ANALYZER_NUMBER_OBJECT_CONVERSION = YES_AGGRESSIVE;
				CLANG_CXX_LANGUAGE_STANDARD = "gnu++20";
				CLANG_ENABLE_MODULES = YES;
				CLANG_ENABLE_OBJC_ARC = YES;
				CLANG_ENABLE_OBJC_WEAK = YES;
				CLANG_WARN_BLOCK_CAPTURE_AUTORELEASING = YES;
				CLANG_WARN_BOOL_CONVERSION = YES;
				CLANG_WARN_COMMA = YES;
				CLANG_WARN_CONSTANT_CONVERSION = YES;
				CLANG_WARN_DEPRECATED_OBJC_IMPLEMENTATIONS = YES;
				CLANG_WARN_DIRECT_OBJC_ISA_USAGE = YES_ERROR;
				CLANG_WARN_DOCUMENTATION_COMMENTS = YES;
				CLANG_WARN_EMPTY_BODY = YES;
				CLANG_WARN_ENUM_CONVERSION = YES;
				CLANG_WARN_INFINITE_RECURSION = YES;
				CLANG_WARN_INT_CONVERSION = YES;
				CLANG_WARN_NON_LITERAL_NULL_CONVERSION = YES;
				CLANG_WARN_OBJC_IMPLICIT_RETAIN_SELF = YES;
				CLANG_WARN_OBJC_LITERAL_CONVERSION = YES;
				CLANG_WARN_OBJC_ROOT_CLASS = YES_ERROR;
				CLANG_WARN_QUOTED_INCLUDE_IN_FRAMEWORK_HEADER = YES;
				CLANG_WARN_RANGE_LOOP_ANALYSIS = YES;
				CLANG_WARN_STRICT_PROTOTYPES = YES;
				CLANG_WARN_SUSPICIOUS_MOVE = YES;
				CLANG_WARN_UNGUARDED_AVAILABILITY = YES_AGGRESSIVE;
				CLANG_WARN_UNREACHABLE_CODE = YES;
				CLANG_WARN__DUPLICATE_METHOD_MATCH = YES;
				COPY_PHASE_STRIP = NO;
				DEBUG_INFORMATION_FORMAT = "dwarf-with-dsym";
				ENABLE_NS_ASSERTIONS = NO;
				ENABLE_STRICT_OBJC_MSGSEND = YES;
				ENABLE_USER_SCRIPT_SANDBOXING = YES;
				GCC_C_LANGUAGE_STANDARD = gnu17;
				GCC_NO_COMMON_BLOCKS = YES;
				GCC_WARN_64_TO_32_BIT_CONVERSION = YES;
				GCC_WARN_ABOUT_RETURN_TYPE = YES_ERROR;
				GCC_WARN_UNDECLARED_SELECTOR = YES;
				GCC_WARN_UNINITIALIZED_AUTOS = YES_AGGRESSIVE;
				GCC_WARN_UNUSED_FUNCTION = YES;
				GCC_WARN_UNUSED_VARIABLE = YES;
				IPHONEOS_DEPLOYMENT_TARGET = 17.4;
				LOCALIZATION_PREFERS_STRING_CATALOGS = YES;
				MTL_ENABLE_DEBUG_INFO = NO;
				MTL_FAST_MATH = YES;
				SDKROOT = iphoneos;
				SWIFT_COMPILATION_MODE = wholemodule;
				VALIDATE_PRODUCT = YES;
			};
			name = Release;
		};
		BF99E4B92BD687BB002B853E /* Debug */ = {
			isa = XCBuildConfiguration;
			buildSettings = {
				ASSETCATALOG_COMPILER_APPICON_NAME = AppIcon;
				ASSETCATALOG_COMPILER_GLOBAL_ACCENT_COLOR_NAME = AccentColor;
				CODE_SIGN_STYLE = Automatic;
				CURRENT_PROJECT_VERSION = 1;
				DEVELOPMENT_TEAM = YDM65X7W86;
				GENERATE_INFOPLIST_FILE = YES;
				INFOPLIST_FILE = Counter/Info.plist;
				INFOPLIST_KEY_UIApplicationSupportsIndirectInputEvents = YES;
				INFOPLIST_KEY_UILaunchStoryboardName = LaunchScreen;
				INFOPLIST_KEY_UIMainStoryboardFile = Main;
				INFOPLIST_KEY_UISupportedInterfaceOrientations_iPad = "UIInterfaceOrientationPortrait UIInterfaceOrientationPortraitUpsideDown UIInterfaceOrientationLandscapeLeft UIInterfaceOrientationLandscapeRight";
				INFOPLIST_KEY_UISupportedInterfaceOrientations_iPhone = "UIInterfaceOrientationPortrait UIInterfaceOrientationLandscapeLeft UIInterfaceOrientationLandscapeRight";
				LD_RUNPATH_SEARCH_PATHS = (
					"$(inherited)",
					"@executable_path/Frameworks",
				);
				MARKETING_VERSION = 1.0;
				PRODUCT_BUNDLE_IDENTIFIER = dd.Counter;
				PRODUCT_NAME = "$(TARGET_NAME)";
				SWIFT_EMIT_LOC_STRINGS = YES;
				SWIFT_VERSION = 5.0;
				TARGETED_DEVICE_FAMILY = "1,2";
			};
			name = Debug;
		};
		BF99E4BA2BD687BB002B853E /* Release */ = {
			isa = XCBuildConfiguration;
			buildSettings = {
				ASSETCATALOG_COMPILER_APPICON_NAME = AppIcon;
				ASSETCATALOG_COMPILER_GLOBAL_ACCENT_COLOR_NAME = AccentColor;
				CODE_SIGN_STYLE = Automatic;
				CURRENT_PROJECT_VERSION = 1;
				DEVELOPMENT_TEAM = YDM65X7W86;
				GENERATE_INFOPLIST_FILE = YES;
				INFOPLIST_FILE = Counter/Info.plist;
				INFOPLIST_KEY_UIApplicationSupportsIndirectInputEvents = YES;
				INFOPLIST_KEY_UILaunchStoryboardName = LaunchScreen;
				INFOPLIST_KEY_UIMainStoryboardFile = Main;
				INFOPLIST_KEY_UISupportedInterfaceOrientations_iPad = "UIInterfaceOrientationPortrait UIInterfaceOrientationPortraitUpsideDown UIInterfaceOrientationLandscapeLeft UIInterfaceOrientationLandscapeRight";
				INFOPLIST_KEY_UISupportedInterfaceOrientations_iPhone = "UIInterfaceOrientationPortrait UIInterfaceOrientationLandscapeLeft UIInterfaceOrientationLandscapeRight";
				LD_RUNPATH_SEARCH_PATHS = (
					"$(inherited)",
					"@executable_path/Frameworks",
				);
				MARKETING_VERSION = 1.0;
				PRODUCT_BUNDLE_IDENTIFIER = dd.Counter;
				PRODUCT_NAME = "$(TARGET_NAME)";
				SWIFT_EMIT_LOC_STRINGS = YES;
				SWIFT_VERSION = 5.0;
				TARGETED_DEVICE_FAMILY = "1,2";
			};
			name = Release;
		};
		BF99E4BC2BD687BB002B853E /* Debug */ = {
			isa = XCBuildConfiguration;
			buildSettings = {
				ALWAYS_EMBED_SWIFT_STANDARD_LIBRARIES = YES;
				BUNDLE_LOADER = "$(TEST_HOST)";
				CODE_SIGN_STYLE = Automatic;
				CURRENT_PROJECT_VERSION = 1;
				GENERATE_INFOPLIST_FILE = YES;
				IPHONEOS_DEPLOYMENT_TARGET = 17.4;
				MARKETING_VERSION = 1.0;
				PRODUCT_BUNDLE_IDENTIFIER = dd.CounterTests;
				PRODUCT_NAME = "$(TARGET_NAME)";
				SWIFT_EMIT_LOC_STRINGS = NO;
				SWIFT_VERSION = 5.0;
				TARGETED_DEVICE_FAMILY = "1,2";
				TEST_HOST = "$(BUILT_PRODUCTS_DIR)/Counter.app/$(BUNDLE_EXECUTABLE_FOLDER_PATH)/Counter";
			};
			name = Debug;
		};
		BF99E4BD2BD687BB002B853E /* Release */ = {
			isa = XCBuildConfiguration;
			buildSettings = {
				ALWAYS_EMBED_SWIFT_STANDARD_LIBRARIES = YES;
				BUNDLE_LOADER = "$(TEST_HOST)";
				CODE_SIGN_STYLE = Automatic;
				CURRENT_PROJECT_VERSION = 1;
				GENERATE_INFOPLIST_FILE = YES;
				IPHONEOS_DEPLOYMENT_TARGET = 17.4;
				MARKETING_VERSION = 1.0;
				PRODUCT_BUNDLE_IDENTIFIER = dd.CounterTests;
				PRODUCT_NAME = "$(TARGET_NAME)";
				SWIFT_EMIT_LOC_STRINGS = NO;
				SWIFT_VERSION = 5.0;
				TARGETED_DEVICE_FAMILY = "1,2";
				TEST_HOST = "$(BUILT_PRODUCTS_DIR)/Counter.app/$(BUNDLE_EXECUTABLE_FOLDER_PATH)/Counter";
			};
			name = Release;
		};
		BF99E4BF2BD687BB002B853E /* Debug */ = {
			isa = XCBuildConfiguration;
			buildSettings = {
				ALWAYS_EMBED_SWIFT_STANDARD_LIBRARIES = YES;
				CODE_SIGN_STYLE = Automatic;
				CURRENT_PROJECT_VERSION = 1;
				GENERATE_INFOPLIST_FILE = YES;
				MARKETING_VERSION = 1.0;
				PRODUCT_BUNDLE_IDENTIFIER = dd.CounterUITests;
				PRODUCT_NAME = "$(TARGET_NAME)";
				SWIFT_EMIT_LOC_STRINGS = NO;
				SWIFT_VERSION = 5.0;
				TARGETED_DEVICE_FAMILY = "1,2";
				TEST_TARGET_NAME = Counter;
			};
			name = Debug;
		};
		BF99E4C02BD687BB002B853E /* Release */ = {
			isa = XCBuildConfiguration;
			buildSettings = {
				ALWAYS_EMBED_SWIFT_STANDARD_LIBRARIES = YES;
				CODE_SIGN_STYLE = Automatic;
				CURRENT_PROJECT_VERSION = 1;
				GENERATE_INFOPLIST_FILE = YES;
				MARKETING_VERSION = 1.0;
				PRODUCT_BUNDLE_IDENTIFIER = dd.CounterUITests;
				PRODUCT_NAME = "$(TARGET_NAME)";
				SWIFT_EMIT_LOC_STRINGS = NO;
				SWIFT_VERSION = 5.0;
				TARGETED_DEVICE_FAMILY = "1,2";
				TEST_TARGET_NAME = Counter;
			};
			name = Release;
		};
/* End XCBuildConfiguration section */

/* Begin XCConfigurationList section */
		BF99E4892BD687BA002B853E /* Build configuration list for PBXProject "Counter" */ = {
			isa = XCConfigurationList;
			buildConfigurations = (
				BF99E4B62BD687BB002B853E /* Debug */,
				BF99E4B72BD687BB002B853E /* Release */,
			);
			defaultConfigurationIsVisible = 0;
			defaultConfigurationName = Release;
		};
		BF99E4B82BD687BB002B853E /* Build configuration list for PBXNativeTarget "Counter" */ = {
			isa = XCConfigurationList;
			buildConfigurations = (
				BF99E4B92BD687BB002B853E /* Debug */,
				BF99E4BA2BD687BB002B853E /* Release */,
			);
			defaultConfigurationIsVisible = 0;
			defaultConfigurationName = Release;
		};
		BF99E4BB2BD687BB002B853E /* Build configuration list for PBXNativeTarget "CounterTests" */ = {
			isa = XCConfigurationList;
			buildConfigurations = (
				BF99E4BC2BD687BB002B853E /* Debug */,
				BF99E4BD2BD687BB002B853E /* Release */,
			);
			defaultConfigurationIsVisible = 0;
			defaultConfigurationName = Release;
		};
		BF99E4BE2BD687BB002B853E /* Build configuration list for PBXNativeTarget "CounterUITests" */ = {
			isa = XCConfigurationList;
			buildConfigurations = (
				BF99E4BF2BD687BB002B853E /* Debug */,
				BF99E4C02BD687BB002B853E /* Release */,
			);
			defaultConfigurationIsVisible = 0;
			defaultConfigurationName = Release;
		};
/* End XCConfigurationList section */
	};
	rootObject = BF99E4862BD687BA002B853E /* Project object */;
}
